
Microsoft Visual Studio Solution File, Format Version 12.00
# Visual Studio Version 16
VisualStudioVersion = 16.0.34601.136
MinimumVisualStudioVersion = 10.0.40219.1
Project("{FAE04EC0-301F-11D3-BF4B-00C04F79EFBC}") = "Exercise", "Exercise\Exercise.csproj", "{E007159D-138C-446D-A4B0-35D17624E96B}"
EndProject
Global
	GlobalSection(SolutionConfigurationPlatforms) = preSolution
		Debug|Any CPU = Debug|Any CPU
		Release|Any CPU = Release|Any CPU
	EndGlobalSection
	GlobalSection(ProjectConfigurationPlatforms) = postSolution
		{E007159D-138C-446D-A4B0-35D17624E96B}.Debug|Any CPU.ActiveCfg = Debug|Any CPU
		{E007159D-138C-446D-A4B0-35D17624E96B}.Debug|Any CPU.Build.0 = Debug|Any CPU
		{E007159D-138C-446D-A4B0-35D17624E96B}.Release|Any CPU.ActiveCfg = Release|Any CPU
		{E007159D-138C-446D-A4B0-35D17624E96B}.Release|Any CPU.Build.0 = Release|Any CPU
	EndGlobalSection
	GlobalSection(SolutionProperties) = preSolution
		HideSolutionNode = FALSE
	EndGlobalSection
	GlobalSection(ExtensibilityGlobals) = postSolution
		SolutionGuid = {27C06B6F-D582-422A-9493-B6E51B9E285E}
	EndGlobalSection
EndGlobal
